{
  "name": "FastKala",
  "lockfileVersion": 3,
  "requires": true,
  "packages": {
    "": {
      "dependencies": {
        "tinymce": "^6.8.1"
      }
    },
    "node_modules/tinymce": {
      "version": "6.8.1",
      "resolved": "https://registry.npmjs.org/tinymce/-/tinymce-6.8.1.tgz",
      "integrity": "sha512-WYPvMXIjBrXM/oBiqGCbT2a8ptiO3TWXm/xxPWDCl8SxRKMW7Rfp0Lk190E9fXmX6uh9lJMRCnmKHzvryz0ftA=="
    }
  }
}
