{
  "name": "FastKala",
  "lockfileVersion": 3,
  "requires": true,
  "packages": {
    "": {
      "dependencies": {
        "tinymce": "^7.0.0"
      }
    },
    "node_modules/tinymce": {
      "version": "7.0.0",
      "resolved": "https://registry.npmjs.org/tinymce/-/tinymce-7.0.0.tgz",
      "integrity": "sha512-ggXLfTRrUALAcjeJSRrZcJDOl6MgC2tPXe/zNOEkQXvTDgcKqFypPRoPpfpK5wejexjyaI/7dwETOntJ5MPBFg=="
    }
  }
}
